
Microsoft Visual Studio Solution File, Format Version 12.00
# Visual Studio Version 16
VisualStudioVersion = 16.0.29806.167
MinimumVisualStudioVersion = 10.0.40219.1
Project("{FAE04EC0-301F-11D3-BF4B-00C04F79EFBC}") = "Unit7", "Unit7\Unit7.csproj", "{70C4735F-A7FC-41DD-AF76-F7C3EBB96ABF}"
EndProject
Project("{FAE04EC0-301F-11D3-BF4B-00C04F79EFBC}") = "Unit8", "Unit8\Unit8.csproj", "{259C0E55-4696-426C-AE71-16017E32756E}"
EndProject
Project("{FAE04EC0-301F-11D3-BF4B-00C04F79EFBC}") = "Unit9", "Unit9\Unit9.csproj", "{DB471151-4AA3-4B0C-8485-F30BF922C0C9}"
EndProject
Project("{FAE04EC0-301F-11D3-BF4B-00C04F79EFBC}") = "Unit10", "Unit10\Unit10.csproj", "{36EB1796-AA6D-4A8A-875D-5A2556CE166C}"
EndProject
Project("{FAE04EC0-301F-11D3-BF4B-00C04F79EFBC}") = "Unit11", "Unit11\Unit11.csproj", "{99104C2A-5558-4E2B-841E-798358395506}"
EndProject
Project("{FAE04EC0-301F-11D3-BF4B-00C04F79EFBC}") = "Unit12", "Unit12\Unit12.csproj", "{C17F5DF0-6224-4594-A96A-963CD8E114D0}"
EndProject
Project("{FAE04EC0-301F-11D3-BF4B-00C04F79EFBC}") = "Unit_LinkedList", "Unit_LinkedList\Unit_LinkedList.csproj", "{69EEC955-5B30-4F0B-84F1-126C939566EF}"
EndProject
Project("{FAE04EC0-301F-11D3-BF4B-00C04F79EFBC}") = "Unit_DeepCloning", "Unit_DeepCloning\Unit_DeepCloning.csproj", "{88EB8A2C-EC26-4C59-B13D-58B3FBBEBEAA}"
EndProject
Project("{FAE04EC0-301F-11D3-BF4B-00C04F79EFBC}") = "Unit14", "Unit14\Unit14.csproj", "{9DF66AD9-1BCB-40BC-9AAA-B597E8569FD9}"
EndProject
Project("{FAE04EC0-301F-11D3-BF4B-00C04F79EFBC}") = "Unit16", "Unit16\Unit16.csproj", "{4C842F14-346F-4FC3-8DC0-065AAB9F0A78}"
EndProject
Project("{FAE04EC0-301F-11D3-BF4B-00C04F79EFBC}") = "Unit17", "Unit17\Unit17.csproj", "{4BCC2FC1-0848-4948-8136-9261432698DF}"
EndProject
Project("{FAE04EC0-301F-11D3-BF4B-00C04F79EFBC}") = "Unit18", "Unit18\Unit18.csproj", "{D570A5FC-9B76-40D1-96E3-E4F794733CCD}"
EndProject
Project("{FAE04EC0-301F-11D3-BF4B-00C04F79EFBC}") = "Unit19", "Unit19\Unit19.csproj", "{4CEB7EF8-74A3-40A8-960B-DCF96F6E9F51}"
EndProject
Project("{FAE04EC0-301F-11D3-BF4B-00C04F79EFBC}") = "Unit20", "Unit20\Unit20.csproj", "{18AB9B07-0F3A-42D5-94F2-7EB04C04A8F7}"
EndProject
Project("{FAE04EC0-301F-11D3-BF4B-00C04F79EFBC}") = "Unit21", "Unit21\Unit21.csproj", "{C9AF8CD9-90CF-49D2-A130-2D5432A0EFCB}"
EndProject
Project("{9A19103F-16F7-4668-BE54-9A1E7A4F7556}") = "Unit21JobExecutor", "Unit21JobExecutor\Unit21JobExecutor.csproj", "{073A0D71-DA76-476B-86B0-7E64BBD6DCB8}"
EndProject
Project("{FAE04EC0-301F-11D3-BF4B-00C04F79EFBC}") = "TestingTests", "TestingTests\TestingTests.csproj", "{BEE8FC3A-9639-457E-8C05-AB1A784CF6EE}"
EndProject
Global
	GlobalSection(SolutionConfigurationPlatforms) = preSolution
		Debug|Any CPU = Debug|Any CPU
		Release|Any CPU = Release|Any CPU
	EndGlobalSection
	GlobalSection(ProjectConfigurationPlatforms) = postSolution
		{70C4735F-A7FC-41DD-AF76-F7C3EBB96ABF}.Debug|Any CPU.ActiveCfg = Release|Any CPU
		{70C4735F-A7FC-41DD-AF76-F7C3EBB96ABF}.Debug|Any CPU.Build.0 = Release|Any CPU
		{70C4735F-A7FC-41DD-AF76-F7C3EBB96ABF}.Release|Any CPU.ActiveCfg = Release|Any CPU
		{70C4735F-A7FC-41DD-AF76-F7C3EBB96ABF}.Release|Any CPU.Build.0 = Release|Any CPU
		{259C0E55-4696-426C-AE71-16017E32756E}.Debug|Any CPU.ActiveCfg = Debug|Any CPU
		{259C0E55-4696-426C-AE71-16017E32756E}.Debug|Any CPU.Build.0 = Debug|Any CPU
		{259C0E55-4696-426C-AE71-16017E32756E}.Release|Any CPU.ActiveCfg = Release|Any CPU
		{259C0E55-4696-426C-AE71-16017E32756E}.Release|Any CPU.Build.0 = Release|Any CPU
		{DB471151-4AA3-4B0C-8485-F30BF922C0C9}.Debug|Any CPU.ActiveCfg = Debug|Any CPU
		{DB471151-4AA3-4B0C-8485-F30BF922C0C9}.Debug|Any CPU.Build.0 = Debug|Any CPU
		{DB471151-4AA3-4B0C-8485-F30BF922C0C9}.Release|Any CPU.ActiveCfg = Release|Any CPU
		{DB471151-4AA3-4B0C-8485-F30BF922C0C9}.Release|Any CPU.Build.0 = Release|Any CPU
		{36EB1796-AA6D-4A8A-875D-5A2556CE166C}.Debug|Any CPU.ActiveCfg = Debug|Any CPU
		{36EB1796-AA6D-4A8A-875D-5A2556CE166C}.Debug|Any CPU.Build.0 = Debug|Any CPU
		{36EB1796-AA6D-4A8A-875D-5A2556CE166C}.Release|Any CPU.ActiveCfg = Release|Any CPU
		{36EB1796-AA6D-4A8A-875D-5A2556CE166C}.Release|Any CPU.Build.0 = Release|Any CPU
		{99104C2A-5558-4E2B-841E-798358395506}.Debug|Any CPU.ActiveCfg = Debug|Any CPU
		{99104C2A-5558-4E2B-841E-798358395506}.Debug|Any CPU.Build.0 = Debug|Any CPU
		{99104C2A-5558-4E2B-841E-798358395506}.Release|Any CPU.ActiveCfg = Release|Any CPU
		{99104C2A-5558-4E2B-841E-798358395506}.Release|Any CPU.Build.0 = Release|Any CPU
		{C17F5DF0-6224-4594-A96A-963CD8E114D0}.Debug|Any CPU.ActiveCfg = Debug|Any CPU
		{C17F5DF0-6224-4594-A96A-963CD8E114D0}.Debug|Any CPU.Build.0 = Debug|Any CPU
		{C17F5DF0-6224-4594-A96A-963CD8E114D0}.Release|Any CPU.ActiveCfg = Release|Any CPU
		{C17F5DF0-6224-4594-A96A-963CD8E114D0}.Release|Any CPU.Build.0 = Release|Any CPU
		{69EEC955-5B30-4F0B-84F1-126C939566EF}.Debug|Any CPU.ActiveCfg = Debug|Any CPU
		{69EEC955-5B30-4F0B-84F1-126C939566EF}.Debug|Any CPU.Build.0 = Debug|Any CPU
		{69EEC955-5B30-4F0B-84F1-126C939566EF}.Release|Any CPU.ActiveCfg = Release|Any CPU
		{69EEC955-5B30-4F0B-84F1-126C939566EF}.Release|Any CPU.Build.0 = Release|Any CPU
		{88EB8A2C-EC26-4C59-B13D-58B3FBBEBEAA}.Debug|Any CPU.ActiveCfg = Debug|Any CPU
		{88EB8A2C-EC26-4C59-B13D-58B3FBBEBEAA}.Debug|Any CPU.Build.0 = Debug|Any CPU
		{88EB8A2C-EC26-4C59-B13D-58B3FBBEBEAA}.Release|Any CPU.ActiveCfg = Release|Any CPU
		{88EB8A2C-EC26-4C59-B13D-58B3FBBEBEAA}.Release|Any CPU.Build.0 = Release|Any CPU
		{9DF66AD9-1BCB-40BC-9AAA-B597E8569FD9}.Debug|Any CPU.ActiveCfg = Debug|Any CPU
		{9DF66AD9-1BCB-40BC-9AAA-B597E8569FD9}.Debug|Any CPU.Build.0 = Debug|Any CPU
		{9DF66AD9-1BCB-40BC-9AAA-B597E8569FD9}.Release|Any CPU.ActiveCfg = Release|Any CPU
		{9DF66AD9-1BCB-40BC-9AAA-B597E8569FD9}.Release|Any CPU.Build.0 = Release|Any CPU
		{4C842F14-346F-4FC3-8DC0-065AAB9F0A78}.Debug|Any CPU.ActiveCfg = Debug|Any CPU
		{4C842F14-346F-4FC3-8DC0-065AAB9F0A78}.Debug|Any CPU.Build.0 = Debug|Any CPU
		{4C842F14-346F-4FC3-8DC0-065AAB9F0A78}.Release|Any CPU.ActiveCfg = Release|Any CPU
		{4C842F14-346F-4FC3-8DC0-065AAB9F0A78}.Release|Any CPU.Build.0 = Release|Any CPU
		{4BCC2FC1-0848-4948-8136-9261432698DF}.Debug|Any CPU.ActiveCfg = Debug|Any CPU
		{4BCC2FC1-0848-4948-8136-9261432698DF}.Debug|Any CPU.Build.0 = Debug|Any CPU
		{4BCC2FC1-0848-4948-8136-9261432698DF}.Release|Any CPU.ActiveCfg = Release|Any CPU
		{4BCC2FC1-0848-4948-8136-9261432698DF}.Release|Any CPU.Build.0 = Release|Any CPU
		{D570A5FC-9B76-40D1-96E3-E4F794733CCD}.Debug|Any CPU.ActiveCfg = Debug|Any CPU
		{D570A5FC-9B76-40D1-96E3-E4F794733CCD}.Debug|Any CPU.Build.0 = Debug|Any CPU
		{D570A5FC-9B76-40D1-96E3-E4F794733CCD}.Release|Any CPU.ActiveCfg = Release|Any CPU
		{D570A5FC-9B76-40D1-96E3-E4F794733CCD}.Release|Any CPU.Build.0 = Release|Any CPU
		{4CEB7EF8-74A3-40A8-960B-DCF96F6E9F51}.Debug|Any CPU.ActiveCfg = Debug|Any CPU
		{4CEB7EF8-74A3-40A8-960B-DCF96F6E9F51}.Debug|Any CPU.Build.0 = Debug|Any CPU
		{4CEB7EF8-74A3-40A8-960B-DCF96F6E9F51}.Release|Any CPU.ActiveCfg = Release|Any CPU
		{4CEB7EF8-74A3-40A8-960B-DCF96F6E9F51}.Release|Any CPU.Build.0 = Release|Any CPU
		{18AB9B07-0F3A-42D5-94F2-7EB04C04A8F7}.Debug|Any CPU.ActiveCfg = Debug|Any CPU
		{18AB9B07-0F3A-42D5-94F2-7EB04C04A8F7}.Debug|Any CPU.Build.0 = Debug|Any CPU
		{18AB9B07-0F3A-42D5-94F2-7EB04C04A8F7}.Release|Any CPU.ActiveCfg = Release|Any CPU
		{18AB9B07-0F3A-42D5-94F2-7EB04C04A8F7}.Release|Any CPU.Build.0 = Release|Any CPU
		{C9AF8CD9-90CF-49D2-A130-2D5432A0EFCB}.Debug|Any CPU.ActiveCfg = Debug|Any CPU
		{C9AF8CD9-90CF-49D2-A130-2D5432A0EFCB}.Debug|Any CPU.Build.0 = Debug|Any CPU
		{C9AF8CD9-90CF-49D2-A130-2D5432A0EFCB}.Release|Any CPU.ActiveCfg = Release|Any CPU
		{C9AF8CD9-90CF-49D2-A130-2D5432A0EFCB}.Release|Any CPU.Build.0 = Release|Any CPU
		{073A0D71-DA76-476B-86B0-7E64BBD6DCB8}.Debug|Any CPU.ActiveCfg = Debug|Any CPU
		{073A0D71-DA76-476B-86B0-7E64BBD6DCB8}.Debug|Any CPU.Build.0 = Debug|Any CPU
		{073A0D71-DA76-476B-86B0-7E64BBD6DCB8}.Release|Any CPU.ActiveCfg = Release|Any CPU
		{073A0D71-DA76-476B-86B0-7E64BBD6DCB8}.Release|Any CPU.Build.0 = Release|Any CPU
		{BEE8FC3A-9639-457E-8C05-AB1A784CF6EE}.Debug|Any CPU.ActiveCfg = Debug|Any CPU
		{BEE8FC3A-9639-457E-8C05-AB1A784CF6EE}.Debug|Any CPU.Build.0 = Debug|Any CPU
		{BEE8FC3A-9639-457E-8C05-AB1A784CF6EE}.Release|Any CPU.ActiveCfg = Release|Any CPU
		{BEE8FC3A-9639-457E-8C05-AB1A784CF6EE}.Release|Any CPU.Build.0 = Release|Any CPU
	EndGlobalSection
	GlobalSection(SolutionProperties) = preSolution
		HideSolutionNode = FALSE
	EndGlobalSection
	GlobalSection(ExtensibilityGlobals) = postSolution
		SolutionGuid = {5182E12F-E66B-4099-9C16-306DED2140C9}
	EndGlobalSection
EndGlobal
