
Microsoft Visual Studio Solution File, Format Version 12.00
Project("{FAE04EC0-301F-11D3-BF4B-00C04F79EFBC}") = "Unit7", "Unit7\Unit7.csproj", "{70C4735F-A7FC-41DD-AF76-F7C3EBB96ABF}"
EndProject
Project("{FAE04EC0-301F-11D3-BF4B-00C04F79EFBC}") = "Unit8", "Unit8\Unit8.csproj", "{259C0E55-4696-426C-AE71-16017E32756E}"
EndProject
Project("{FAE04EC0-301F-11D3-BF4B-00C04F79EFBC}") = "Unit9", "Unit9\Unit9.csproj", "{DB471151-4AA3-4B0C-8485-F30BF922C0C9}"
EndProject
Project("{FAE04EC0-301F-11D3-BF4B-00C04F79EFBC}") = "Unit10", "Unit10\Unit10.csproj", "{36EB1796-AA6D-4A8A-875D-5A2556CE166C}"
EndProject
Project("{FAE04EC0-301F-11D3-BF4B-00C04F79EFBC}") = "Unit11", "Unit11\Unit11.csproj", "{99104C2A-5558-4E2B-841E-798358395506}"
EndProject
Project("{FAE04EC0-301F-11D3-BF4B-00C04F79EFBC}") = "Unit12", "Unit12\Unit12.csproj", "{C17F5DF0-6224-4594-A96A-963CD8E114D0}"
EndProject
Project("{FAE04EC0-301F-11D3-BF4B-00C04F79EFBC}") = "Unit_LinkedList", "Unit_LinkedList\Unit_LinkedList.csproj", "{69EEC955-5B30-4F0B-84F1-126C939566EF}"
EndProject
Project("{FAE04EC0-301F-11D3-BF4B-00C04F79EFBC}") = "Unit_DeepCloning", "Unit_DeepCloning\Unit_DeepCloning.csproj", "{88EB8A2C-EC26-4C59-B13D-58B3FBBEBEAA}"
EndProject
Global
	GlobalSection(SolutionConfigurationPlatforms) = preSolution
		Debug|Any CPU = Debug|Any CPU
		Release|Any CPU = Release|Any CPU
	EndGlobalSection
	GlobalSection(ProjectConfigurationPlatforms) = postSolution
		{70C4735F-A7FC-41DD-AF76-F7C3EBB96ABF}.Debug|Any CPU.ActiveCfg = Debug|Any CPU
		{70C4735F-A7FC-41DD-AF76-F7C3EBB96ABF}.Debug|Any CPU.Build.0 = Debug|Any CPU
		{70C4735F-A7FC-41DD-AF76-F7C3EBB96ABF}.Release|Any CPU.ActiveCfg = Release|Any CPU
		{70C4735F-A7FC-41DD-AF76-F7C3EBB96ABF}.Release|Any CPU.Build.0 = Release|Any CPU
		{259C0E55-4696-426C-AE71-16017E32756E}.Debug|Any CPU.ActiveCfg = Debug|Any CPU
		{259C0E55-4696-426C-AE71-16017E32756E}.Debug|Any CPU.Build.0 = Debug|Any CPU
		{259C0E55-4696-426C-AE71-16017E32756E}.Release|Any CPU.ActiveCfg = Release|Any CPU
		{259C0E55-4696-426C-AE71-16017E32756E}.Release|Any CPU.Build.0 = Release|Any CPU
		{DB471151-4AA3-4B0C-8485-F30BF922C0C9}.Debug|Any CPU.ActiveCfg = Debug|Any CPU
		{DB471151-4AA3-4B0C-8485-F30BF922C0C9}.Debug|Any CPU.Build.0 = Debug|Any CPU
		{DB471151-4AA3-4B0C-8485-F30BF922C0C9}.Release|Any CPU.ActiveCfg = Release|Any CPU
		{DB471151-4AA3-4B0C-8485-F30BF922C0C9}.Release|Any CPU.Build.0 = Release|Any CPU
		{36EB1796-AA6D-4A8A-875D-5A2556CE166C}.Debug|Any CPU.ActiveCfg = Debug|Any CPU
		{36EB1796-AA6D-4A8A-875D-5A2556CE166C}.Debug|Any CPU.Build.0 = Debug|Any CPU
		{36EB1796-AA6D-4A8A-875D-5A2556CE166C}.Release|Any CPU.ActiveCfg = Release|Any CPU
		{36EB1796-AA6D-4A8A-875D-5A2556CE166C}.Release|Any CPU.Build.0 = Release|Any CPU
		{99104C2A-5558-4E2B-841E-798358395506}.Debug|Any CPU.ActiveCfg = Debug|Any CPU
		{99104C2A-5558-4E2B-841E-798358395506}.Debug|Any CPU.Build.0 = Debug|Any CPU
		{99104C2A-5558-4E2B-841E-798358395506}.Release|Any CPU.ActiveCfg = Release|Any CPU
		{99104C2A-5558-4E2B-841E-798358395506}.Release|Any CPU.Build.0 = Release|Any CPU
		{C17F5DF0-6224-4594-A96A-963CD8E114D0}.Debug|Any CPU.ActiveCfg = Debug|Any CPU
		{C17F5DF0-6224-4594-A96A-963CD8E114D0}.Debug|Any CPU.Build.0 = Debug|Any CPU
		{C17F5DF0-6224-4594-A96A-963CD8E114D0}.Release|Any CPU.ActiveCfg = Release|Any CPU
		{C17F5DF0-6224-4594-A96A-963CD8E114D0}.Release|Any CPU.Build.0 = Release|Any CPU
		{69EEC955-5B30-4F0B-84F1-126C939566EF}.Debug|Any CPU.ActiveCfg = Debug|Any CPU
		{69EEC955-5B30-4F0B-84F1-126C939566EF}.Debug|Any CPU.Build.0 = Debug|Any CPU
		{69EEC955-5B30-4F0B-84F1-126C939566EF}.Release|Any CPU.ActiveCfg = Release|Any CPU
		{69EEC955-5B30-4F0B-84F1-126C939566EF}.Release|Any CPU.Build.0 = Release|Any CPU
		{88EB8A2C-EC26-4C59-B13D-58B3FBBEBEAA}.Debug|Any CPU.ActiveCfg = Debug|Any CPU
		{88EB8A2C-EC26-4C59-B13D-58B3FBBEBEAA}.Debug|Any CPU.Build.0 = Debug|Any CPU
		{88EB8A2C-EC26-4C59-B13D-58B3FBBEBEAA}.Release|Any CPU.ActiveCfg = Release|Any CPU
		{88EB8A2C-EC26-4C59-B13D-58B3FBBEBEAA}.Release|Any CPU.Build.0 = Release|Any CPU
	EndGlobalSection
EndGlobal
